<?xml version="1.0" encoding="utf-8"?>
<Project ToolsVersion="4.0" xmlns="http://schemas.microsoft.com/developer/msbuild/2003">
  <ItemGroup>
    <ClCompile Include="ClientEngine.cpp" />
    <ClCompile Include="ClientNetworkManager.cpp" />
    <ClCompile Include="ClientObject.cpp" />
    <ClCompile Include="ClientObjectManager.cpp" />
    <ClCompile Include="game.cpp" />
    <ClCompile Include="main.cpp" />
    <ClCompile Include="PlayerCObj.cpp" />
    <ClCompile Include="RenderEngine.cpp" />
    <ClCompile Include="RenderModel.cpp" />
    <ClCompile Include="TestObject.cpp" />
    <ClCompile Include="XboxController.cpp" />
  </ItemGroup>
  <ItemGroup>
    <ClInclude Include="ClientEngine.h">
      <Filter>Headers</Filter>
    </ClInclude>
    <ClInclude Include="ClientNetworkManager.h">
      <Filter>Headers</Filter>
    </ClInclude>
    <ClInclude Include="ClientObject.h">
      <Filter>Headers</Filter>
    </ClInclude>
    <ClInclude Include="ClientObjectManager.h">
      <Filter>Headers</Filter>
    </ClInclude>
    <ClInclude Include="game.h">
      <Filter>Headers</Filter>
    </ClInclude>
    <ClInclude Include="PlayerCObj.h">
      <Filter>Headers</Filter>
    </ClInclude>
    <ClInclude Include="RenderEngine.h">
      <Filter>Headers</Filter>
    </ClInclude>
    <ClInclude Include="RenderModel.h">
      <Filter>Headers</Filter>
    </ClInclude>
    <ClInclude Include="TestObject.h">
      <Filter>Headers</Filter>
    </ClInclude>
    <ClInclude Include="XAnimator\XAnimator_lib.h">
      <Filter>Headers</Filter>
    </ClInclude>
    <ClInclude Include="XboxController.h">
      <Filter>Headers</Filter>
    </ClInclude>
  </ItemGroup>
  <ItemGroup>
    <None Include="bones_all.x">
      <Filter>Resources</Filter>
    </None>
    <None Include="body.bmp">
      <Filter>Resources</Filter>
    </None>
    <None Include="BONES.BMP">
      <Filter>Resources</Filter>
    </None>
    <None Include="face.bmp">
      <Filter>Resources</Filter>
    </None>
    <None Include="tiny_skin.bmp">
      <Filter>Resources</Filter>
    </None>
    <None Include="tiny.x">
      <Filter>Resources</Filter>
    </None>
    <None Include="BONES.BMP">
      <Filter>Resource Files</Filter>
    </None>
    <None Include="bones_all.x">
      <Filter>Resource Files</Filter>
    </None>
    <None Include="body.bmp">
      <Filter>Resource Files</Filter>
    </None>
    <None Include="face.bmp">
      <Filter>Resource Files</Filter>
    </None>
    <None Include="wispwind.x">
      <Filter>Resource Files</Filter>
    </None>
    <None Include="rabbit.x">
      <Filter>Resource Files</Filter>
    </None>
    <None Include="renderC.jpg">
      <Filter>Resource Files</Filter>
    </None>
  </ItemGroup>
</Project>