<?xml version="1.0" encoding="utf-8"?>
<Project ToolsVersion="4.0" xmlns="http://schemas.microsoft.com/developer/msbuild/2003">
  <ItemGroup>
    <ClCompile Include="AudioEngine.cpp">
      <Filter>Source Files</Filter>
    </ClCompile>
    <ClCompile Include="ClientEngine.cpp">
      <Filter>Source Files</Filter>
    </ClCompile>
    <ClCompile Include="ClientNetworkManager.cpp">
      <Filter>Source Files</Filter>
    </ClCompile>
    <ClCompile Include="ClientObject.cpp">
      <Filter>Source Files</Filter>
    </ClCompile>
    <ClCompile Include="ClientObjectManager.cpp">
      <Filter>Source Files</Filter>
    </ClCompile>
    <ClCompile Include="game.cpp">
      <Filter>Source Files</Filter>
    </ClCompile>
    <ClCompile Include="main.cpp">
      <Filter>Source Files</Filter>
    </ClCompile>
    <ClCompile Include="PlayerCObj.cpp">
      <Filter>Source Files</Filter>
    </ClCompile>
    <ClCompile Include="RenderEngine.cpp">
      <Filter>Source Files</Filter>
    </ClCompile>
    <ClCompile Include="RenderModel.cpp">
      <Filter>Source Files</Filter>
    </ClCompile>
    <ClCompile Include="TestObject.cpp">
      <Filter>Source Files</Filter>
    </ClCompile>
    <ClCompile Include="XboxController.cpp">
      <Filter>Source Files</Filter>
    </ClCompile>
  </ItemGroup>
  <ItemGroup>
    <ClInclude Include="AudioEngine.h">
      <Filter>Header Files</Filter>
    </ClInclude>
    <ClInclude Include="ClientEngine.h">
      <Filter>Header Files</Filter>
    </ClInclude>
    <ClInclude Include="ClientObject.h">
      <Filter>Header Files</Filter>
    </ClInclude>
    <ClInclude Include="ClientNetworkManager.h">
      <Filter>Header Files</Filter>
    </ClInclude>
    <ClInclude Include="ClientObjectManager.h">
      <Filter>Header Files</Filter>
    </ClInclude>
    <ClInclude Include="game.h">
      <Filter>Header Files</Filter>
    </ClInclude>
    <ClInclude Include="PlayerCObj.h">
      <Filter>Header Files</Filter>
    </ClInclude>
    <ClInclude Include="RenderEngine.h">
      <Filter>Header Files</Filter>
    </ClInclude>
    <ClInclude Include="RenderModel.h">
      <Filter>Header Files</Filter>
    </ClInclude>
    <ClInclude Include="TestObject.h">
      <Filter>Header Files</Filter>
    </ClInclude>
    <ClInclude Include="XAnimator\XAnimator_lib.h">
      <Filter>Header Files</Filter>
    </ClInclude>
    <ClInclude Include="XboxController.h">
      <Filter>Header Files</Filter>
    </ClInclude>
    <ClInclude Include="FMOD\inc\fmod.h">
      <Filter>Header Files</Filter>
    </ClInclude>
  </ItemGroup>
  <ItemGroup>
    <None Include="body.bmp" />
    <None Include="BONES.BMP" />
    <None Include="bones_all.x" />
    <None Include="face.bmp" />
    <None Include="rabbit.x" />
    <None Include="renderC.jpg" />
    <None Include="tiny.x" />
    <None Include="tiny_skin.bmp" />
    <None Include="wispwind.x" />
  </ItemGroup>
  <ItemGroup>
    <Filter Include="Header Files">
      <UniqueIdentifier>{9275f72d-96e6-445d-a007-82d85a546692}</UniqueIdentifier>
    </Filter>
    <Filter Include="Source Files">
      <UniqueIdentifier>{a16ecec4-bca2-4a20-a7b8-1b4a32e3e8bd}</UniqueIdentifier>
    </Filter>
  </ItemGroup>
</Project>